// !$*UTF8*$!
{
	archiveVersion = 1;
	classes = {
	};
	objectVersion = 46;
	objects = {

/* Begin PBXBuildFile section */
		520E0AB11D20904400265063 /* AppDelegate.swift in Sources */ = {isa = PBXBuildFile; fileRef = 520E0AB01D20904400265063 /* AppDelegate.swift */; };
		520E0AB31D20904400265063 /* ViewController.swift in Sources */ = {isa = PBXBuildFile; fileRef = 520E0AB21D20904400265063 /* ViewController.swift */; };
		520E0AB61D20904400265063 /* Main.storyboard in Resources */ = {isa = PBXBuildFile; fileRef = 520E0AB41D20904400265063 /* Main.storyboard */; };
		520E0AB91D20904400265063 /* PhotoProject.xcdatamodeld in Sources */ = {isa = PBXBuildFile; fileRef = 520E0AB71D20904400265063 /* PhotoProject.xcdatamodeld */; };
		520E0ABB1D20904400265063 /* Assets.xcassets in Resources */ = {isa = PBXBuildFile; fileRef = 520E0ABA1D20904400265063 /* Assets.xcassets */; };
		520E0ABE1D20904400265063 /* LaunchScreen.storyboard in Resources */ = {isa = PBXBuildFile; fileRef = 520E0ABC1D20904400265063 /* LaunchScreen.storyboard */; };
		52EF9EC61D20A40500396203 /* JournalEntry.swift in Sources */ = {isa = PBXBuildFile; fileRef = 52EF9EC41D20A40500396203 /* JournalEntry.swift */; };
/* End PBXBuildFile section */

/* Begin PBXFileReference section */
		520E0AAD1D20904400265063 /* PhotoProject.app */ = {isa = PBXFileReference; explicitFileType = wrapper.application; includeInIndex = 0; path = PhotoProject.app; sourceTree = BUILT_PRODUCTS_DIR; };
		520E0AB01D20904400265063 /* AppDelegate.swift */ = {isa = PBXFileReference; lastKnownFileType = sourcecode.swift; path = AppDelegate.swift; sourceTree = "<group>"; };
		520E0AB21D20904400265063 /* ViewController.swift */ = {isa = PBXFileReference; lastKnownFileType = sourcecode.swift; path = ViewController.swift; sourceTree = "<group>"; };
		520E0AB51D20904400265063 /* Base */ = {isa = PBXFileReference; lastKnownFileType = file.storyboard; name = Base; path = Base.lproj/Main.storyboard; sourceTree = "<group>"; };
		520E0AB81D20904400265063 /* PhotoProject.xcdatamodel */ = {isa = PBXFileReference; lastKnownFileType = wrapper.xcdatamodel; path = PhotoProject.xcdatamodel; sourceTree = "<group>"; };
		520E0ABA1D20904400265063 /* Assets.xcassets */ = {isa = PBXFileReference; lastKnownFileType = folder.assetcatalog; path = Assets.xcassets; sourceTree = "<group>"; };
		520E0ABD1D20904400265063 /* Base */ = {isa = PBXFileReference; lastKnownFileType = file.storyboard; name = Base; path = Base.lproj/LaunchScreen.storyboard; sourceTree = "<group>"; };
		520E0ABF1D20904400265063 /* Info.plist */ = {isa = PBXFileReference; lastKnownFileType = text.plist.xml; path = Info.plist; sourceTree = "<group>"; };
		52EF9EC41D20A40500396203 /* JournalEntry.swift */ = {isa = PBXFileReference; fileEncoding = 4; lastKnownFileType = sourcecode.swift; path = JournalEntry.swift; sourceTree = "<group>"; };
/* End PBXFileReference section */

/* Begin PBXFrameworksBuildPhase section */
		520E0AAA1D20904400265063 /* Frameworks */ = {
			isa = PBXFrameworksBuildPhase;
			buildActionMask = 2147483647;
			files = (
			);
			runOnlyForDeploymentPostprocessing = 0;
		};
/* End PBXFrameworksBuildPhase section */

/* Begin PBXGroup section */
		520E0AA41D20904400265063 = {
			isa = PBXGroup;
			children = (
				520E0AAF1D20904400265063 /* PhotoProject */,
				520E0AAE1D20904400265063 /* Products */,
			);
			sourceTree = "<group>";
		};
		520E0AAE1D20904400265063 /* Products */ = {
			isa = PBXGroup;
			children = (
				520E0AAD1D20904400265063 /* PhotoProject.app */,
			);
			name = Products;
			sourceTree = "<group>";
		};
		520E0AAF1D20904400265063 /* PhotoProject */ = {
			isa = PBXGroup;
			children = (
				52EF9EC41D20A40500396203 /* JournalEntry.swift */,
				520E0AB01D20904400265063 /* AppDelegate.swift */,
				520E0AB21D20904400265063 /* ViewController.swift */,
				520E0AB41D20904400265063 /* Main.storyboard */,
				520E0ABA1D20904400265063 /* Assets.xcassets */,
				520E0ABC1D20904400265063 /* LaunchScreen.storyboard */,
				520E0ABF1D20904400265063 /* Info.plist */,
				520E0AB71D20904400265063 /* PhotoProject.xcdatamodeld */,
			);
			path = PhotoProject;
			sourceTree = "<group>";
		};
/* End PBXGroup section */

/* Begin PBXNativeTarget section */
		520E0AAC1D20904400265063 /* PhotoProject */ = {
			isa = PBXNativeTarget;
			buildConfigurationList = 520E0AC21D20904400265063 /* Build configuration list for PBXNativeTarget "PhotoProject" */;
			buildPhases = (
				520E0AA91D20904400265063 /* Sources */,
				520E0AAA1D20904400265063 /* Frameworks */,
				520E0AAB1D20904400265063 /* Resources */,
			);
			buildRules = (
			);
			dependencies = (
			);
			name = PhotoProject;
			productName = PhotoProject;
			productReference = 520E0AAD1D20904400265063 /* PhotoProject.app */;
			productType = "com.apple.product-type.application";
		};
/* End PBXNativeTarget section */

/* Begin PBXProject section */
		520E0AA51D20904400265063 /* Project object */ = {
			isa = PBXProject;
			attributes = {
				LastSwiftUpdateCheck = 0730;
				LastUpgradeCheck = 0730;
				ORGANIZATIONNAME = WigglingScholars;
				TargetAttributes = {
					520E0AAC1D20904400265063 = {
						CreatedOnToolsVersion = 7.3.1;
					};
				};
			};
			buildConfigurationList = 520E0AA81D20904400265063 /* Build configuration list for PBXProject "PhotoProject" */;
			compatibilityVersion = "Xcode 3.2";
			developmentRegion = English;
			hasScannedForEncodings = 0;
			knownRegions = (
				en,
				Base,
			);
			mainGroup = 520E0AA41D20904400265063;
			productRefGroup = 520E0AAE1D20904400265063 /* Products */;
			projectDirPath = "";
			projectRoot = "";
			targets = (
				520E0AAC1D20904400265063 /* PhotoProject */,
			);
		};
/* End PBXProject section */

/* Begin PBXResourcesBuildPhase section */
		520E0AAB1D20904400265063 /* Resources */ = {
			isa = PBXResourcesBuildPhase;
			buildActionMask = 2147483647;
			files = (
				520E0ABE1D20904400265063 /* LaunchScreen.storyboard in Resources */,
				520E0ABB1D20904400265063 /* Assets.xcassets in Resources */,
				520E0AB61D20904400265063 /* Main.storyboard in Resources */,
			);
			runOnlyForDeploymentPostprocessing = 0;
		};
/* End PBXResourcesBuildPhase section */

/* Begin PBXSourcesBuildPhase section */
		520E0AA91D20904400265063 /* Sources */ = {
			isa = PBXSourcesBuildPhase;
			buildActionMask = 2147483647;
			files = (
				520E0AB91D20904400265063 /* PhotoProject.xcdatamodeld in Sources */,
				52EF9EC61D20A40500396203 /* JournalEntry.swift in Sources */,
				520E0AB31D20904400265063 /* ViewController.swift in Sources */,
				520E0AB11D20904400265063 /* AppDelegate.swift in Sources */,
			);
			runOnlyForDeploymentPostprocessing = 0;
		};
/* End PBXSourcesBuildPhase section */

/* Begin PBXVariantGroup section */
		520E0AB41D20904400265063 /* Main.storyboard */ = {
			isa = PBXVariantGroup;
			children = (
				520E0AB51D20904400265063 /* Base */,
			);
			name = Main.storyboard;
			sourceTree = "<group>";
		};
		520E0ABC1D20904400265063 /* LaunchScreen.storyboard */ = {
			isa = PBXVariantGroup;
			children = (
				520E0ABD1D20904400265063 /* Base */,
			);
			name = LaunchScreen.storyboard;
			sourceTree = "<group>";
		};
/* End PBXVariantGroup section */

/* Begin XCBuildConfiguration section */
		520E0AC01D20904400265063 /* Debug */ = {
			isa = XCBuildConfiguration;
			buildSettings = {
				ALWAYS_SEARCH_USER_PATHS = NO;
				CLANG_ANALYZER_NONNULL = YES;
				CLANG_CXX_LANGUAGE_STANDARD = "gnu++0x";
				CLANG_CXX_LIBRARY = "libc++";
				CLANG_ENABLE_MODULES = YES;
				CLANG_ENABLE_OBJC_ARC = YES;
				CLANG_WARN_BOOL_CONVERSION = YES;
				CLANG_WARN_CONSTANT_CONVERSION = YES;
				CLANG_WARN_DIRECT_OBJC_ISA_USAGE = YES_ERROR;
				CLANG_WARN_EMPTY_BODY = YES;
				CLANG_WARN_ENUM_CONVERSION = YES;
				CLANG_WARN_INT_CONVERSION = YES;
				CLANG_WARN_OBJC_ROOT_CLASS = YES_ERROR;
				CLANG_WARN_UNREACHABLE_CODE = YES;
				CLANG_WARN__DUPLICATE_METHOD_MATCH = YES;
				"CODE_SIGN_IDENTITY[sdk=iphoneos*]" = "iPhone Developer";
				COPY_PHASE_STRIP = NO;
				DEBUG_INFORMATION_FORMAT = dwarf;
				ENABLE_STRICT_OBJC_MSGSEND = YES;
				ENABLE_TESTABILITY = YES;
				GCC_C_LANGUAGE_STANDARD = gnu99;
				GCC_DYNAMIC_NO_PIC = NO;
				GCC_NO_COMMON_BLOCKS = YES;
				GCC_OPTIMIZATION_LEVEL = 0;
				GCC_PREPROCESSOR_DEFINITIONS = (
					"DEBUG=1",
					"$(inherited)",
				);
				GCC_WARN_64_TO_32_BIT_CONVERSION = YES;
				GCC_WARN_ABOUT_RETURN_TYPE = YES_ERROR;
				GCC_WARN_UNDECLARED_SELECTOR = YES;
				GCC_WARN_UNINITIALIZED_AUTOS = YES_AGGRESSIVE;
				GCC_WARN_UNUSED_FUNCTION = YES;
				GCC_WARN_UNUSED_VARIABLE = YES;
				IPHONEOS_DEPLOYMENT_TARGET = 9.3;
				MTL_ENABLE_DEBUG_INFO = YES;
				ONLY_ACTIVE_ARCH = YES;
				SDKROOT = iphoneos;
				SWIFT_OPTIMIZATION_LEVEL = "-Onone";
				TARGETED_DEVICE_FAMILY = "1,2";
			};
			name = Debug;
		};
		520E0AC11D20904400265063 /* Release */ = {
			isa = XCBuildConfiguration;
			buildSettings = {
				ALWAYS_SEARCH_USER_PATHS = NO;
				CLANG_ANALYZER_NONNULL = YES;
				CLANG_CXX_LANGUAGE_STANDARD = "gnu++0x";
				CLANG_CXX_LIBRARY = "libc++";
				CLANG_ENABLE_MODULES = YES;
				CLANG_ENABLE_OBJC_ARC = YES;
				CLANG_WARN_BOOL_CONVERSION = YES;
				CLANG_WARN_CONSTANT_CONVERSION = YES;
				CLANG_WARN_DIRECT_OBJC_ISA_USAGE = YES_ERROR;
				CLANG_WARN_EMPTY_BODY = YES;
				CLANG_WARN_ENUM_CONVERSION = YES;
				CLANG_WARN_INT_CONVERSION = YES;
				CLANG_WARN_OBJC_ROOT_CLASS = YES_ERROR;
				CLANG_WARN_UNREACHABLE_CODE = YES;
				CLANG_WARN__DUPLICATE_METHOD_MATCH = YES;
				"CODE_SIGN_IDENTITY[sdk=iphoneos*]" = "iPhone Developer";
				COPY_PHASE_STRIP = NO;
				DEBUG_INFORMATION_FORMAT = "dwarf-with-dsym";
				ENABLE_NS_ASSERTIONS = NO;
				ENABLE_STRICT_OBJC_MSGSEND = YES;
				GCC_C_LANGUAGE_STANDARD = gnu99;
				GCC_NO_COMMON_BLOCKS = YES;
				GCC_WARN_64_TO_32_BIT_CONVERSION = YES;
				GCC_WARN_ABOUT_RETURN_TYPE = YES_ERROR;
				GCC_WARN_UNDECLARED_SELECTOR = YES;
				GCC_WARN_UNINITIALIZED_AUTOS = YES_AGGRESSIVE;
				GCC_WARN_UNUSED_FUNCTION = YES;
				GCC_WARN_UNUSED_VARIABLE = YES;
				IPHONEOS_DEPLOYMENT_TARGET = 9.3;
				MTL_ENABLE_DEBUG_INFO = NO;
				SDKROOT = iphoneos;
				TARGETED_DEVICE_FAMILY = "1,2";
				VALIDATE_PRODUCT = YES;
			};
			name = Release;
		};
		520E0AC31D20904400265063 /* Debug */ = {
			isa = XCBuildConfiguration;
			buildSettings = {
				ASSETCATALOG_COMPILER_APPICON_NAME = AppIcon;
				INFOPLIST_FILE = PhotoProject/Info.plist;
				LD_RUNPATH_SEARCH_PATHS = "$(inherited) @executable_path/Frameworks";
				PRODUCT_BUNDLE_IDENTIFIER = com.wigglingScholars.PhotoProject;
				PRODUCT_NAME = "$(TARGET_NAME)";
			};
			name = Debug;
		};
		520E0AC41D20904400265063 /* Release */ = {
			isa = XCBuildConfiguration;
			buildSettings = {
				ASSETCATALOG_COMPILER_APPICON_NAME = AppIcon;
				INFOPLIST_FILE = PhotoProject/Info.plist;
				LD_RUNPATH_SEARCH_PATHS = "$(inherited) @executable_path/Frameworks";
				PRODUCT_BUNDLE_IDENTIFIER = com.wigglingScholars.PhotoProject;
				PRODUCT_NAME = "$(TARGET_NAME)";
			};
			name = Release;
		};
/* End XCBuildConfiguration section */

/* Begin XCConfigurationList section */
		520E0AA81D20904400265063 /* Build configuration list for PBXProject "PhotoProject" */ = {
			isa = XCConfigurationList;
			buildConfigurations = (
				520E0AC01D20904400265063 /* Debug */,
				520E0AC11D20904400265063 /* Release */,
			);
			defaultConfigurationIsVisible = 0;
			defaultConfigurationName = Release;
		};
		520E0AC21D20904400265063 /* Build configuration list for PBXNativeTarget "PhotoProject" */ = {
			isa = XCConfigurationList;
			buildConfigurations = (
				520E0AC31D20904400265063 /* Debug */,
				520E0AC41D20904400265063 /* Release */,
			);
			defaultConfigurationIsVisible = 0;
			defaultConfigurationName = Release;
		};
/* End XCConfigurationList section */

/* Begin XCVersionGroup section */
		520E0AB71D20904400265063 /* PhotoProject.xcdatamodeld */ = {
			isa = XCVersionGroup;
			children = (
				520E0AB81D20904400265063 /* PhotoProject.xcdatamodel */,
			);
			currentVersion = 520E0AB81D20904400265063 /* PhotoProject.xcdatamodel */;
			path = PhotoProject.xcdatamodeld;
			sourceTree = "<group>";
			versionGroupType = wrapper.xcdatamodel;
		};
/* End XCVersionGroup section */
	};
	rootObject = 520E0AA51D20904400265063 /* Project object */;
}
